
Microsoft Visual Studio Solution File, Format Version 12.00
# Visual Studio 15
VisualStudioVersion = 15.0.28307.705
MinimumVisualStudioVersion = 10.0.40219.1
Project("{FAE04EC0-301F-11D3-BF4B-00C04F79EFBC}") = "FolderStore", "FolderStore\FolderStore.csproj", "{DDF68D2E-70AD-4573-A547-D52CF69D1AA4}"
EndProject
Project("{FAE04EC0-301F-11D3-BF4B-00C04F79EFBC}") = "SSRSStore", "SSRSStore\SSRSStore.csproj", "{CE687FDB-8302-48E9-9175-BD5AEC6E1448}"
EndProject
Project("{FAE04EC0-301F-11D3-BF4B-00C04F79EFBC}") = "DBStore", "DBStore\DBStore.csproj", "{D66B56AE-36C6-415A-A8D6-72603EF6BE1D}"
EndProject
Global
	GlobalSection(SolutionConfigurationPlatforms) = preSolution
		Debug|Any CPU = Debug|Any CPU
		Release|Any CPU = Release|Any CPU
	EndGlobalSection
	GlobalSection(ProjectConfigurationPlatforms) = postSolution
		{DDF68D2E-70AD-4573-A547-D52CF69D1AA4}.Debug|Any CPU.ActiveCfg = Debug|Any CPU
		{DDF68D2E-70AD-4573-A547-D52CF69D1AA4}.Debug|Any CPU.Build.0 = Debug|Any CPU
		{DDF68D2E-70AD-4573-A547-D52CF69D1AA4}.Release|Any CPU.ActiveCfg = Release|Any CPU
		{DDF68D2E-70AD-4573-A547-D52CF69D1AA4}.Release|Any CPU.Build.0 = Release|Any CPU
		{CE687FDB-8302-48E9-9175-BD5AEC6E1448}.Debug|Any CPU.ActiveCfg = Debug|Any CPU
		{CE687FDB-8302-48E9-9175-BD5AEC6E1448}.Debug|Any CPU.Build.0 = Debug|Any CPU
		{CE687FDB-8302-48E9-9175-BD5AEC6E1448}.Release|Any CPU.ActiveCfg = Release|Any CPU
		{CE687FDB-8302-48E9-9175-BD5AEC6E1448}.Release|Any CPU.Build.0 = Release|Any CPU
		{D66B56AE-36C6-415A-A8D6-72603EF6BE1D}.Debug|Any CPU.ActiveCfg = Debug|Any CPU
		{D66B56AE-36C6-415A-A8D6-72603EF6BE1D}.Debug|Any CPU.Build.0 = Debug|Any CPU
		{D66B56AE-36C6-415A-A8D6-72603EF6BE1D}.Release|Any CPU.ActiveCfg = Release|Any CPU
		{D66B56AE-36C6-415A-A8D6-72603EF6BE1D}.Release|Any CPU.Build.0 = Release|Any CPU
	EndGlobalSection
	GlobalSection(SolutionProperties) = preSolution
		HideSolutionNode = FALSE
	EndGlobalSection
	GlobalSection(ExtensibilityGlobals) = postSolution
		SolutionGuid = {3092C723-5D51-46C5-AEA2-25C53EB1A97B}
	EndGlobalSection
EndGlobal
